{
  "requires": true,
  "lockfileVersion": 1,
  "dependencies": {
    "ncu-test-return-version": {
      "version": "1.0.1",
      "resolved": "https://registry.npmjs.org/ncu-test-return-version/-/ncu-test-return-version-1.0.1.tgz",
      "integrity": "sha512-xen4KcnzVAHxYIGDm1vyKJ6BOKGxATwrW7TMO9/Teg0IwQQ1EaiPi2lr16bqgPnT8odWcZHzdh4WiHsbCaMCqQ=="
    },
    "ncu-test-v2": {
      "version": "1.0.0",
      "resolved": "https://registry.npmjs.org/ncu-test-v2/-/ncu-test-v2-1.0.0.tgz",
      "integrity": "sha512-Oaw47teUXoN1tzTj8h+q1NiMlRRJeG9cs2EyPkITLogRcsoe3Z/QiTc7dgZdXh8Pm4TL0VhvGz0hnqsR20XFWw=="
    }
  }
}
