{
  "name": "peer-update",
  "lockfileVersion": 2,
  "requires": true,
  "packages": {
    "": {
      "license": "MIT",
      "dependencies": {
        "ncu-test-peer-update": "1.0.0",
        "ncu-test-return-version": "1.0.0"
      }
    },
    "node_modules/ncu-test-peer-update": {
      "version": "1.0.0",
      "resolved": "https://registry.npmjs.org/ncu-test-peer-update/-/ncu-test-peer-update-1.0.0.tgz",
      "integrity": "sha512-g5TpEeP49uYmTsRXJTNMilxXItUUlJzdPb1sFdaryTEJSrHoH39SufjKmgEcaBf9tog7WuLuk4Bg/+fWziMcOA==",
      "peerDependencies": {
        "ncu-test-return-version": "1.0.x"
      }
    },
    "node_modules/ncu-test-return-version": {
      "version": "1.0.0",
      "resolved": "https://registry.npmjs.org/ncu-test-return-version/-/ncu-test-return-version-1.0.0.tgz",
      "integrity": "sha512-1AKAdJ3xLGcRzpmdvtnQJZPRqHNn9m54MYQtcAyuMfqretQ1EyQXrA06wG5yseULXCiMS07/i+0bcphVJymm6A=="
    }
  },
  "dependencies": {
    "ncu-test-peer-update": {
      "version": "1.0.0",
      "resolved": "https://registry.npmjs.org/ncu-test-peer-update/-/ncu-test-peer-update-1.0.0.tgz",
      "integrity": "sha512-g5TpEeP49uYmTsRXJTNMilxXItUUlJzdPb1sFdaryTEJSrHoH39SufjKmgEcaBf9tog7WuLuk4Bg/+fWziMcOA==",
      "requires": {}
    },
    "ncu-test-return-version": {
      "version": "1.0.0",
      "resolved": "https://registry.npmjs.org/ncu-test-return-version/-/ncu-test-return-version-1.0.0.tgz",
      "integrity": "sha512-1AKAdJ3xLGcRzpmdvtnQJZPRqHNn9m54MYQtcAyuMfqretQ1EyQXrA06wG5yseULXCiMS07/i+0bcphVJymm6A=="
    }
  }
}
